// !$*UTF8*$!
{
	archiveVersion = 1;
	classes = {
	};
	objectVersion = 48;
	objects = {

/* Begin PBXBuildFile section */
		1105D607201795BD000249AC /* AppDelegate.swift in Sources */ = {isa = PBXBuildFile; fileRef = 1105D606201795BD000249AC /* AppDelegate.swift */; };
		1105D609201795BD000249AC /* ViewController.swift in Sources */ = {isa = PBXBuildFile; fileRef = 1105D608201795BD000249AC /* ViewController.swift */; };
		1105D60C201795BD000249AC /* Main.storyboard in Resources */ = {isa = PBXBuildFile; fileRef = 1105D60A201795BD000249AC /* Main.storyboard */; };
		1105D60E201795BD000249AC /* Assets.xcassets in Resources */ = {isa = PBXBuildFile; fileRef = 1105D60D201795BD000249AC /* Assets.xcassets */; };
		1105D611201795BD000249AC /* LaunchScreen.storyboard in Resources */ = {isa = PBXBuildFile; fileRef = 1105D60F201795BD000249AC /* LaunchScreen.storyboard */; };
		1105D6192017A04C000249AC /* ImageCell.swift in Sources */ = {isa = PBXBuildFile; fileRef = 1105D6182017A04C000249AC /* ImageCell.swift */; };
		1105D61B2017A05A000249AC /* CollectionCell.swift in Sources */ = {isa = PBXBuildFile; fileRef = 1105D61A2017A05A000249AC /* CollectionCell.swift */; };
/* End PBXBuildFile section */

/* Begin PBXFileReference section */
		1105D603201795BD000249AC /* CollectionViewInsideTable.app */ = {isa = PBXFileReference; explicitFileType = wrapper.application; includeInIndex = 0; path = CollectionViewInsideTable.app; sourceTree = BUILT_PRODUCTS_DIR; };
		1105D606201795BD000249AC /* AppDelegate.swift */ = {isa = PBXFileReference; lastKnownFileType = sourcecode.swift; path = AppDelegate.swift; sourceTree = "<group>"; };
		1105D608201795BD000249AC /* ViewController.swift */ = {isa = PBXFileReference; lastKnownFileType = sourcecode.swift; path = ViewController.swift; sourceTree = "<group>"; };
		1105D60B201795BD000249AC /* Base */ = {isa = PBXFileReference; lastKnownFileType = file.storyboard; name = Base; path = Base.lproj/Main.storyboard; sourceTree = "<group>"; };
		1105D60D201795BD000249AC /* Assets.xcassets */ = {isa = PBXFileReference; lastKnownFileType = folder.assetcatalog; path = Assets.xcassets; sourceTree = "<group>"; };
		1105D610201795BD000249AC /* Base */ = {isa = PBXFileReference; lastKnownFileType = file.storyboard; name = Base; path = Base.lproj/LaunchScreen.storyboard; sourceTree = "<group>"; };
		1105D612201795BD000249AC /* Info.plist */ = {isa = PBXFileReference; lastKnownFileType = text.plist.xml; path = Info.plist; sourceTree = "<group>"; };
		1105D6182017A04C000249AC /* ImageCell.swift */ = {isa = PBXFileReference; lastKnownFileType = sourcecode.swift; path = ImageCell.swift; sourceTree = "<group>"; };
		1105D61A2017A05A000249AC /* CollectionCell.swift */ = {isa = PBXFileReference; lastKnownFileType = sourcecode.swift; path = CollectionCell.swift; sourceTree = "<group>"; };
/* End PBXFileReference section */

/* Begin PBXFrameworksBuildPhase section */
		1105D600201795BD000249AC /* Frameworks */ = {
			isa = PBXFrameworksBuildPhase;
			buildActionMask = 2147483647;
			files = (
			);
			runOnlyForDeploymentPostprocessing = 0;
		};
/* End PBXFrameworksBuildPhase section */

/* Begin PBXGroup section */
		1105D5FA201795BD000249AC = {
			isa = PBXGroup;
			children = (
				1105D605201795BD000249AC /* CollectionViewInsideTable */,
				1105D604201795BD000249AC /* Products */,
			);
			sourceTree = "<group>";
		};
		1105D604201795BD000249AC /* Products */ = {
			isa = PBXGroup;
			children = (
				1105D603201795BD000249AC /* CollectionViewInsideTable.app */,
			);
			name = Products;
			sourceTree = "<group>";
		};
		1105D605201795BD000249AC /* CollectionViewInsideTable */ = {
			isa = PBXGroup;
			children = (
				1105D606201795BD000249AC /* AppDelegate.swift */,
				1105D608201795BD000249AC /* ViewController.swift */,
				1105D60A201795BD000249AC /* Main.storyboard */,
				1105D6182017A04C000249AC /* ImageCell.swift */,
				1105D61A2017A05A000249AC /* CollectionCell.swift */,
				1105D60D201795BD000249AC /* Assets.xcassets */,
				1105D60F201795BD000249AC /* LaunchScreen.storyboard */,
				1105D612201795BD000249AC /* Info.plist */,
			);
			path = CollectionViewInsideTable;
			sourceTree = "<group>";
		};
/* End PBXGroup section */

/* Begin PBXNativeTarget section */
		1105D602201795BD000249AC /* CollectionViewInsideTable */ = {
			isa = PBXNativeTarget;
			buildConfigurationList = 1105D615201795BD000249AC /* Build configuration list for PBXNativeTarget "CollectionViewInsideTable" */;
			buildPhases = (
				1105D5FF201795BD000249AC /* Sources */,
				1105D600201795BD000249AC /* Frameworks */,
				1105D601201795BD000249AC /* Resources */,
			);
			buildRules = (
			);
			dependencies = (
			);
			name = CollectionViewInsideTable;
			productName = CollectionViewInsideTable;
			productReference = 1105D603201795BD000249AC /* CollectionViewInsideTable.app */;
			productType = "com.apple.product-type.application";
		};
/* End PBXNativeTarget section */

/* Begin PBXProject section */
		1105D5FB201795BD000249AC /* Project object */ = {
			isa = PBXProject;
			attributes = {
				LastSwiftUpdateCheck = 0920;
				LastUpgradeCheck = 0920;
				ORGANIZATIONNAME = "Abhi's Mac";
				TargetAttributes = {
					1105D602201795BD000249AC = {
						CreatedOnToolsVersion = 9.2;
						ProvisioningStyle = Automatic;
					};
				};
			};
			buildConfigurationList = 1105D5FE201795BD000249AC /* Build configuration list for PBXProject "CollectionViewInsideTable" */;
			compatibilityVersion = "Xcode 8.0";
			developmentRegion = en;
			hasScannedForEncodings = 0;
			knownRegions = (
				en,
				Base,
			);
			mainGroup = 1105D5FA201795BD000249AC;
			productRefGroup = 1105D604201795BD000249AC /* Products */;
			projectDirPath = "";
			projectRoot = "";
			targets = (
				1105D602201795BD000249AC /* CollectionViewInsideTable */,
			);
		};
/* End PBXProject section */

/* Begin PBXResourcesBuildPhase section */
		1105D601201795BD000249AC /* Resources */ = {
			isa = PBXResourcesBuildPhase;
			buildActionMask = 2147483647;
			files = (
				1105D611201795BD000249AC /* LaunchScreen.storyboard in Resources */,
				1105D60E201795BD000249AC /* Assets.xcassets in Resources */,
				1105D60C201795BD000249AC /* Main.storyboard in Resources */,
			);
			runOnlyForDeploymentPostprocessing = 0;
		};
/* End PBXResourcesBuildPhase section */

/* Begin PBXSourcesBuildPhase section */
		1105D5FF201795BD000249AC /* Sources */ = {
			isa = PBXSourcesBuildPhase;
			buildActionMask = 2147483647;
			files = (
				1105D609201795BD000249AC /* ViewController.swift in Sources */,
				1105D607201795BD000249AC /* AppDelegate.swift in Sources */,
				1105D6192017A04C000249AC /* ImageCell.swift in Sources */,
				1105D61B2017A05A000249AC /* CollectionCell.swift in Sources */,
			);
			runOnlyForDeploymentPostprocessing = 0;
		};
/* End PBXSourcesBuildPhase section */

/* Begin PBXVariantGroup section */
		1105D60A201795BD000249AC /* Main.storyboard */ = {
			isa = PBXVariantGroup;
			children = (
				1105D60B201795BD000249AC /* Base */,
			);
			name = Main.storyboard;
			sourceTree = "<group>";
		};
		1105D60F201795BD000249AC /* LaunchScreen.storyboard */ = {
			isa = PBXVariantGroup;
			children = (
				1105D610201795BD000249AC /* Base */,
			);
			name = LaunchScreen.storyboard;
			sourceTree = "<group>";
		};
/* End PBXVariantGroup section */

/* Begin XCBuildConfiguration section */
		1105D613201795BD000249AC /* Debug */ = {
			isa = XCBuildConfiguration;
			buildSettings = {
				ALWAYS_SEARCH_USER_PATHS = NO;
				CLANG_ANALYZER_NONNULL = YES;
				CLANG_ANALYZER_NUMBER_OBJECT_CONVERSION = YES_AGGRESSIVE;
				CLANG_CXX_LANGUAGE_STANDARD = "gnu++14";
				CLANG_CXX_LIBRARY = "libc++";
				CLANG_ENABLE_MODULES = YES;
				CLANG_ENABLE_OBJC_ARC = YES;
				CLANG_WARN_BLOCK_CAPTURE_AUTORELEASING = YES;
				CLANG_WARN_BOOL_CONVERSION = YES;
				CLANG_WARN_COMMA = YES;
				CLANG_WARN_CONSTANT_CONVERSION = YES;
				CLANG_WARN_DIRECT_OBJC_ISA_USAGE = YES_ERROR;
				CLANG_WARN_DOCUMENTATION_COMMENTS = YES;
				CLANG_WARN_EMPTY_BODY = YES;
				CLANG_WARN_ENUM_CONVERSION = YES;
				CLANG_WARN_INFINITE_RECURSION = YES;
				CLANG_WARN_INT_CONVERSION = YES;
				CLANG_WARN_NON_LITERAL_NULL_CONVERSION = YES;
				CLANG_WARN_OBJC_LITERAL_CONVERSION = YES;
				CLANG_WARN_OBJC_ROOT_CLASS = YES_ERROR;
				CLANG_WARN_RANGE_LOOP_ANALYSIS = YES;
				CLANG_WARN_STRICT_PROTOTYPES = YES;
				CLANG_WARN_SUSPICIOUS_MOVE = YES;
				CLANG_WARN_UNGUARDED_AVAILABILITY = YES_AGGRESSIVE;
				CLANG_WARN_UNREACHABLE_CODE = YES;
				CLANG_WARN__DUPLICATE_METHOD_MATCH = YES;
				CODE_SIGN_IDENTITY = "iPhone Developer";
				COPY_PHASE_STRIP = NO;
				DEBUG_INFORMATION_FORMAT = dwarf;
				ENABLE_STRICT_OBJC_MSGSEND = YES;
				ENABLE_TESTABILITY = YES;
				GCC_C_LANGUAGE_STANDARD = gnu11;
				GCC_DYNAMIC_NO_PIC = NO;
				GCC_NO_COMMON_BLOCKS = YES;
				GCC_OPTIMIZATION_LEVEL = 0;
				GCC_PREPROCESSOR_DEFINITIONS = (
					"DEBUG=1",
					"$(inherited)",
				);
				GCC_WARN_64_TO_32_BIT_CONVERSION = YES;
				GCC_WARN_ABOUT_RETURN_TYPE = YES_ERROR;
				GCC_WARN_UNDECLARED_SELECTOR = YES;
				GCC_WARN_UNINITIALIZED_AUTOS = YES_AGGRESSIVE;
				GCC_WARN_UNUSED_FUNCTION = YES;
				GCC_WARN_UNUSED_VARIABLE = YES;
				IPHONEOS_DEPLOYMENT_TARGET = 11.2;
				MTL_ENABLE_DEBUG_INFO = YES;
				ONLY_ACTIVE_ARCH = YES;
				SDKROOT = iphoneos;
				SWIFT_ACTIVE_COMPILATION_CONDITIONS = DEBUG;
				SWIFT_OPTIMIZATION_LEVEL = "-Onone";
			};
			name = Debug;
		};
		1105D614201795BD000249AC /* Release */ = {
			isa = XCBuildConfiguration;
			buildSettings = {
				ALWAYS_SEARCH_USER_PATHS = NO;
				CLANG_ANALYZER_NONNULL = YES;
				CLANG_ANALYZER_NUMBER_OBJECT_CONVERSION = YES_AGGRESSIVE;
				CLANG_CXX_LANGUAGE_STANDARD = "gnu++14";
				CLANG_CXX_LIBRARY = "libc++";
				CLANG_ENABLE_MODULES = YES;
				CLANG_ENABLE_OBJC_ARC = YES;
				CLANG_WARN_BLOCK_CAPTURE_AUTORELEASING = YES;
				CLANG_WARN_BOOL_CONVERSION = YES;
				CLANG_WARN_COMMA = YES;
				CLANG_WARN_CONSTANT_CONVERSION = YES;
				CLANG_WARN_DIRECT_OBJC_ISA_USAGE = YES_ERROR;
				CLANG_WARN_DOCUMENTATION_COMMENTS = YES;
				CLANG_WARN_EMPTY_BODY = YES;
				CLANG_WARN_ENUM_CONVERSION = YES;
				CLANG_WARN_INFINITE_RECURSION = YES;
				CLANG_WARN_INT_CONVERSION = YES;
				CLANG_WARN_NON_LITERAL_NULL_CONVERSION = YES;
				CLANG_WARN_OBJC_LITERAL_CONVERSION = YES;
				CLANG_WARN_OBJC_ROOT_CLASS = YES_ERROR;
				CLANG_WARN_RANGE_LOOP_ANALYSIS = YES;
				CLANG_WARN_STRICT_PROTOTYPES = YES;
				CLANG_WARN_SUSPICIOUS_MOVE = YES;
				CLANG_WARN_UNGUARDED_AVAILABILITY = YES_AGGRESSIVE;
				CLANG_WARN_UNREACHABLE_CODE = YES;
				CLANG_WARN__DUPLICATE_METHOD_MATCH = YES;
				CODE_SIGN_IDENTITY = "iPhone Developer";
				COPY_PHASE_STRIP = NO;
				DEBUG_INFORMATION_FORMAT = "dwarf-with-dsym";
				ENABLE_NS_ASSERTIONS = NO;
				ENABLE_STRICT_OBJC_MSGSEND = YES;
				GCC_C_LANGUAGE_STANDARD = gnu11;
				GCC_NO_COMMON_BLOCKS = YES;
				GCC_WARN_64_TO_32_BIT_CONVERSION = YES;
				GCC_WARN_ABOUT_RETURN_TYPE = YES_ERROR;
				GCC_WARN_UNDECLARED_SELECTOR = YES;
				GCC_WARN_UNINITIALIZED_AUTOS = YES_AGGRESSIVE;
				GCC_WARN_UNUSED_FUNCTION = YES;
				GCC_WARN_UNUSED_VARIABLE = YES;
				IPHONEOS_DEPLOYMENT_TARGET = 11.2;
				MTL_ENABLE_DEBUG_INFO = NO;
				SDKROOT = iphoneos;
				SWIFT_OPTIMIZATION_LEVEL = "-Owholemodule";
				VALIDATE_PRODUCT = YES;
			};
			name = Release;
		};
		1105D616201795BD000249AC /* Debug */ = {
			isa = XCBuildConfiguration;
			buildSettings = {
				ASSETCATALOG_COMPILER_APPICON_NAME = AppIcon;
				CODE_SIGN_STYLE = Automatic;
				DEVELOPMENT_TEAM = 52HCCAT452;
				INFOPLIST_FILE = CollectionViewInsideTable/Info.plist;
				LD_RUNPATH_SEARCH_PATHS = "$(inherited) @executable_path/Frameworks";
				PRODUCT_BUNDLE_IDENTIFIER = Abhishek.CollectionViewInsideTable;
				PRODUCT_NAME = "$(TARGET_NAME)";
				SWIFT_VERSION = 4.0;
				TARGETED_DEVICE_FAMILY = "1,2";
			};
			name = Debug;
		};
		1105D617201795BD000249AC /* Release */ = {
			isa = XCBuildConfiguration;
			buildSettings = {
				ASSETCATALOG_COMPILER_APPICON_NAME = AppIcon;
				CODE_SIGN_STYLE = Automatic;
				DEVELOPMENT_TEAM = 52HCCAT452;
				INFOPLIST_FILE = CollectionViewInsideTable/Info.plist;
				LD_RUNPATH_SEARCH_PATHS = "$(inherited) @executable_path/Frameworks";
				PRODUCT_BUNDLE_IDENTIFIER = Abhishek.CollectionViewInsideTable;
				PRODUCT_NAME = "$(TARGET_NAME)";
				SWIFT_VERSION = 4.0;
				TARGETED_DEVICE_FAMILY = "1,2";
			};
			name = Release;
		};
/* End XCBuildConfiguration section */

/* Begin XCConfigurationList section */
		1105D5FE201795BD000249AC /* Build configuration list for PBXProject "CollectionViewInsideTable" */ = {
			isa = XCConfigurationList;
			buildConfigurations = (
				1105D613201795BD000249AC /* Debug */,
				1105D614201795BD000249AC /* Release */,
			);
			defaultConfigurationIsVisible = 0;
			defaultConfigurationName = Release;
		};
		1105D615201795BD000249AC /* Build configuration list for PBXNativeTarget "CollectionViewInsideTable" */ = {
			isa = XCConfigurationList;
			buildConfigurations = (
				1105D616201795BD000249AC /* Debug */,
				1105D617201795BD000249AC /* Release */,
			);
			defaultConfigurationIsVisible = 0;
			defaultConfigurationName = Release;
		};
/* End XCConfigurationList section */
	};
	rootObject = 1105D5FB201795BD000249AC /* Project object */;
}
